// !$*UTF8*$!
{
	archiveVersion = 1;
	classes = {
	};
	objectVersion = 46;
	objects = {

/* Begin PBXBuildFile section */
		FC544D0C1DD154E4000B05DA /* AppDelegate.swift in Sources */ = {isa = PBXBuildFile; fileRef = FC544D0B1DD154E4000B05DA /* AppDelegate.swift */; };
		FC544D0E1DD154E4000B05DA /* ViewController.swift in Sources */ = {isa = PBXBuildFile; fileRef = FC544D0D1DD154E4000B05DA /* ViewController.swift */; };
		FC544D111DD154E4000B05DA /* Main.storyboard in Resources */ = {isa = PBXBuildFile; fileRef = FC544D0F1DD154E4000B05DA /* Main.storyboard */; };
		FC544D131DD154E4000B05DA /* Assets.xcassets in Resources */ = {isa = PBXBuildFile; fileRef = FC544D121DD154E4000B05DA /* Assets.xcassets */; };
		FC544D161DD154E4000B05DA /* LaunchScreen.storyboard in Resources */ = {isa = PBXBuildFile; fileRef = FC544D141DD154E4000B05DA /* LaunchScreen.storyboard */; };
/* End PBXBuildFile section */

/* Begin PBXFileReference section */
		FC544D081DD154E4000B05DA /* randomGenerator.app */ = {isa = PBXFileReference; explicitFileType = wrapper.application; includeInIndex = 0; path = randomGenerator.app; sourceTree = BUILT_PRODUCTS_DIR; };
		FC544D0B1DD154E4000B05DA /* AppDelegate.swift */ = {isa = PBXFileReference; lastKnownFileType = sourcecode.swift; path = AppDelegate.swift; sourceTree = "<group>"; };
		FC544D0D1DD154E4000B05DA /* ViewController.swift */ = {isa = PBXFileReference; lastKnownFileType = sourcecode.swift; path = ViewController.swift; sourceTree = "<group>"; };
		FC544D101DD154E4000B05DA /* Base */ = {isa = PBXFileReference; lastKnownFileType = file.storyboard; name = Base; path = Base.lproj/Main.storyboard; sourceTree = "<group>"; };
		FC544D121DD154E4000B05DA /* Assets.xcassets */ = {isa = PBXFileReference; lastKnownFileType = folder.assetcatalog; path = Assets.xcassets; sourceTree = "<group>"; };
		FC544D151DD154E4000B05DA /* Base */ = {isa = PBXFileReference; lastKnownFileType = file.storyboard; name = Base; path = Base.lproj/LaunchScreen.storyboard; sourceTree = "<group>"; };
		FC544D171DD154E4000B05DA /* Info.plist */ = {isa = PBXFileReference; lastKnownFileType = text.plist.xml; path = Info.plist; sourceTree = "<group>"; };
/* End PBXFileReference section */

/* Begin PBXFrameworksBuildPhase section */
		FC544D051DD154E4000B05DA /* Frameworks */ = {
			isa = PBXFrameworksBuildPhase;
			buildActionMask = 2147483647;
			files = (
			);
			runOnlyForDeploymentPostprocessing = 0;
		};
/* End PBXFrameworksBuildPhase section */

/* Begin PBXGroup section */
		FC544CFF1DD154E4000B05DA = {
			isa = PBXGroup;
			children = (
				FC544D0A1DD154E4000B05DA /* randomGenerator */,
				FC544D091DD154E4000B05DA /* Products */,
			);
			sourceTree = "<group>";
		};
		FC544D091DD154E4000B05DA /* Products */ = {
			isa = PBXGroup;
			children = (
				FC544D081DD154E4000B05DA /* randomGenerator.app */,
			);
			name = Products;
			sourceTree = "<group>";
		};
		FC544D0A1DD154E4000B05DA /* randomGenerator */ = {
			isa = PBXGroup;
			children = (
				FC544D0B1DD154E4000B05DA /* AppDelegate.swift */,
				FC544D0D1DD154E4000B05DA /* ViewController.swift */,
				FC544D0F1DD154E4000B05DA /* Main.storyboard */,
				FC544D121DD154E4000B05DA /* Assets.xcassets */,
				FC544D141DD154E4000B05DA /* LaunchScreen.storyboard */,
				FC544D171DD154E4000B05DA /* Info.plist */,
			);
			path = randomGenerator;
			sourceTree = "<group>";
		};
/* End PBXGroup section */

/* Begin PBXNativeTarget section */
		FC544D071DD154E4000B05DA /* randomGenerator */ = {
			isa = PBXNativeTarget;
			buildConfigurationList = FC544D1A1DD154E4000B05DA /* Build configuration list for PBXNativeTarget "randomGenerator" */;
			buildPhases = (
				FC544D041DD154E4000B05DA /* Sources */,
				FC544D051DD154E4000B05DA /* Frameworks */,
				FC544D061DD154E4000B05DA /* Resources */,
			);
			buildRules = (
			);
			dependencies = (
			);
			name = randomGenerator;
			productName = randomGenerator;
			productReference = FC544D081DD154E4000B05DA /* randomGenerator.app */;
			productType = "com.apple.product-type.application";
		};
/* End PBXNativeTarget section */

/* Begin PBXProject section */
		FC544D001DD154E4000B05DA /* Project object */ = {
			isa = PBXProject;
			attributes = {
				LastSwiftUpdateCheck = 0800;
				LastUpgradeCheck = 0800;
				ORGANIZATIONNAME = "Tulga Narmandakh";
				TargetAttributes = {
					FC544D071DD154E4000B05DA = {
						CreatedOnToolsVersion = 8.0;
						ProvisioningStyle = Automatic;
					};
				};
			};
			buildConfigurationList = FC544D031DD154E4000B05DA /* Build configuration list for PBXProject "randomGenerator" */;
			compatibilityVersion = "Xcode 3.2";
			developmentRegion = English;
			hasScannedForEncodings = 0;
			knownRegions = (
				en,
				Base,
			);
			mainGroup = FC544CFF1DD154E4000B05DA;
			productRefGroup = FC544D091DD154E4000B05DA /* Products */;
			projectDirPath = "";
			projectRoot = "";
			targets = (
				FC544D071DD154E4000B05DA /* randomGenerator */,
			);
		};
/* End PBXProject section */

/* Begin PBXResourcesBuildPhase section */
		FC544D061DD154E4000B05DA /* Resources */ = {
			isa = PBXResourcesBuildPhase;
			buildActionMask = 2147483647;
			files = (
				FC544D161DD154E4000B05DA /* LaunchScreen.storyboard in Resources */,
				FC544D131DD154E4000B05DA /* Assets.xcassets in Resources */,
				FC544D111DD154E4000B05DA /* Main.storyboard in Resources */,
			);
			runOnlyForDeploymentPostprocessing = 0;
		};
/* End PBXResourcesBuildPhase section */

/* Begin PBXSourcesBuildPhase section */
		FC544D041DD154E4000B05DA /* Sources */ = {
			isa = PBXSourcesBuildPhase;
			buildActionMask = 2147483647;
			files = (
				FC544D0E1DD154E4000B05DA /* ViewController.swift in Sources */,
				FC544D0C1DD154E4000B05DA /* AppDelegate.swift in Sources */,
			);
			runOnlyForDeploymentPostprocessing = 0;
		};
/* End PBXSourcesBuildPhase section */

/* Begin PBXVariantGroup section */
		FC544D0F1DD154E4000B05DA /* Main.storyboard */ = {
			isa = PBXVariantGroup;
			children = (
				FC544D101DD154E4000B05DA /* Base */,
			);
			name = Main.storyboard;
			sourceTree = "<group>";
		};
		FC544D141DD154E4000B05DA /* LaunchScreen.storyboard */ = {
			isa = PBXVariantGroup;
			children = (
				FC544D151DD154E4000B05DA /* Base */,
			);
			name = LaunchScreen.storyboard;
			sourceTree = "<group>";
		};
/* End PBXVariantGroup section */

/* Begin XCBuildConfiguration section */
		FC544D181DD154E4000B05DA /* Debug */ = {
			isa = XCBuildConfiguration;
			buildSettings = {
				ALWAYS_SEARCH_USER_PATHS = NO;
				CLANG_ANALYZER_NONNULL = YES;
				CLANG_CXX_LANGUAGE_STANDARD = "gnu++0x";
				CLANG_CXX_LIBRARY = "libc++";
				CLANG_ENABLE_MODULES = YES;
				CLANG_ENABLE_OBJC_ARC = YES;
				CLANG_WARN_BOOL_CONVERSION = YES;
				CLANG_WARN_CONSTANT_CONVERSION = YES;
				CLANG_WARN_DIRECT_OBJC_ISA_USAGE = YES_ERROR;
				CLANG_WARN_DOCUMENTATION_COMMENTS = YES;
				CLANG_WARN_EMPTY_BODY = YES;
				CLANG_WARN_ENUM_CONVERSION = YES;
				CLANG_WARN_INFINITE_RECURSION = YES;
				CLANG_WARN_INT_CONVERSION = YES;
				CLANG_WARN_OBJC_ROOT_CLASS = YES_ERROR;
				CLANG_WARN_SUSPICIOUS_MOVES = YES;
				CLANG_WARN_UNREACHABLE_CODE = YES;
				CLANG_WARN__DUPLICATE_METHOD_MATCH = YES;
				"CODE_SIGN_IDENTITY[sdk=iphoneos*]" = "iPhone Developer";
				COPY_PHASE_STRIP = NO;
				DEBUG_INFORMATION_FORMAT = dwarf;
				ENABLE_STRICT_OBJC_MSGSEND = YES;
				ENABLE_TESTABILITY = YES;
				GCC_C_LANGUAGE_STANDARD = gnu99;
				GCC_DYNAMIC_NO_PIC = NO;
				GCC_NO_COMMON_BLOCKS = YES;
				GCC_OPTIMIZATION_LEVEL = 0;
				GCC_PREPROCESSOR_DEFINITIONS = (
					"DEBUG=1",
					"$(inherited)",
				);
				GCC_WARN_64_TO_32_BIT_CONVERSION = YES;
				GCC_WARN_ABOUT_RETURN_TYPE = YES_ERROR;
				GCC_WARN_UNDECLARED_SELECTOR = YES;
				GCC_WARN_UNINITIALIZED_AUTOS = YES_AGGRESSIVE;
				GCC_WARN_UNUSED_FUNCTION = YES;
				GCC_WARN_UNUSED_VARIABLE = YES;
				IPHONEOS_DEPLOYMENT_TARGET = 10.0;
				MTL_ENABLE_DEBUG_INFO = YES;
				ONLY_ACTIVE_ARCH = YES;
				SDKROOT = iphoneos;
				SWIFT_ACTIVE_COMPILATION_CONDITIONS = DEBUG;
				SWIFT_OPTIMIZATION_LEVEL = "-Onone";
			};
			name = Debug;
		};
		FC544D191DD154E4000B05DA /* Release */ = {
			isa = XCBuildConfiguration;
			buildSettings = {
				ALWAYS_SEARCH_USER_PATHS = NO;
				CLANG_ANALYZER_NONNULL = YES;
				CLANG_CXX_LANGUAGE_STANDARD = "gnu++0x";
				CLANG_CXX_LIBRARY = "libc++";
				CLANG_ENABLE_MODULES = YES;
				CLANG_ENABLE_OBJC_ARC = YES;
				CLANG_WARN_BOOL_CONVERSION = YES;
				CLANG_WARN_CONSTANT_CONVERSION = YES;
				CLANG_WARN_DIRECT_OBJC_ISA_USAGE = YES_ERROR;
				CLANG_WARN_DOCUMENTATION_COMMENTS = YES;
				CLANG_WARN_EMPTY_BODY = YES;
				CLANG_WARN_ENUM_CONVERSION = YES;
				CLANG_WARN_INFINITE_RECURSION = YES;
				CLANG_WARN_INT_CONVERSION = YES;
				CLANG_WARN_OBJC_ROOT_CLASS = YES_ERROR;
				CLANG_WARN_SUSPICIOUS_MOVES = YES;
				CLANG_WARN_UNREACHABLE_CODE = YES;
				CLANG_WARN__DUPLICATE_METHOD_MATCH = YES;
				"CODE_SIGN_IDENTITY[sdk=iphoneos*]" = "iPhone Developer";
				COPY_PHASE_STRIP = NO;
				DEBUG_INFORMATION_FORMAT = "dwarf-with-dsym";
				ENABLE_NS_ASSERTIONS = NO;
				ENABLE_STRICT_OBJC_MSGSEND = YES;
				GCC_C_LANGUAGE_STANDARD = gnu99;
				GCC_NO_COMMON_BLOCKS = YES;
				GCC_WARN_64_TO_32_BIT_CONVERSION = YES;
				GCC_WARN_ABOUT_RETURN_TYPE = YES_ERROR;
				GCC_WARN_UNDECLARED_SELECTOR = YES;
				GCC_WARN_UNINITIALIZED_AUTOS = YES_AGGRESSIVE;
				GCC_WARN_UNUSED_FUNCTION = YES;
				GCC_WARN_UNUSED_VARIABLE = YES;
				IPHONEOS_DEPLOYMENT_TARGET = 10.0;
				MTL_ENABLE_DEBUG_INFO = NO;
				SDKROOT = iphoneos;
				SWIFT_OPTIMIZATION_LEVEL = "-Owholemodule";
				VALIDATE_PRODUCT = YES;
			};
			name = Release;
		};
		FC544D1B1DD154E4000B05DA /* Debug */ = {
			isa = XCBuildConfiguration;
			buildSettings = {
				ASSETCATALOG_COMPILER_APPICON_NAME = AppIcon;
				INFOPLIST_FILE = randomGenerator/Info.plist;
				LD_RUNPATH_SEARCH_PATHS = "$(inherited) @executable_path/Frameworks";
				PRODUCT_BUNDLE_IDENTIFIER = com.tulga.randomGenerator;
				PRODUCT_NAME = "$(TARGET_NAME)";
				SWIFT_VERSION = 3.0;
			};
			name = Debug;
		};
		FC544D1C1DD154E4000B05DA /* Release */ = {
			isa = XCBuildConfiguration;
			buildSettings = {
				ASSETCATALOG_COMPILER_APPICON_NAME = AppIcon;
				INFOPLIST_FILE = randomGenerator/Info.plist;
				LD_RUNPATH_SEARCH_PATHS = "$(inherited) @executable_path/Frameworks";
				PRODUCT_BUNDLE_IDENTIFIER = com.tulga.randomGenerator;
				PRODUCT_NAME = "$(TARGET_NAME)";
				SWIFT_VERSION = 3.0;
			};
			name = Release;
		};
/* End XCBuildConfiguration section */

/* Begin XCConfigurationList section */
		FC544D031DD154E4000B05DA /* Build configuration list for PBXProject "randomGenerator" */ = {
			isa = XCConfigurationList;
			buildConfigurations = (
				FC544D181DD154E4000B05DA /* Debug */,
				FC544D191DD154E4000B05DA /* Release */,
			);
			defaultConfigurationIsVisible = 0;
			defaultConfigurationName = Release;
		};
		FC544D1A1DD154E4000B05DA /* Build configuration list for PBXNativeTarget "randomGenerator" */ = {
			isa = XCConfigurationList;
			buildConfigurations = (
				FC544D1B1DD154E4000B05DA /* Debug */,
				FC544D1C1DD154E4000B05DA /* Release */,
			);
			defaultConfigurationIsVisible = 0;
		};
/* End XCConfigurationList section */
	};
	rootObject = FC544D001DD154E4000B05DA /* Project object */;
}
